
Microsoft Visual Studio Solution File, Format Version 12.00
# Visual Studio Version 17
VisualStudioVersion = 17.9.34728.123
MinimumVisualStudioVersion = 10.0.40219.1
Project("{FAE04EC0-301F-11D3-BF4B-00C04F79EFBC}") = "ShoppingWebAPI", "ShoppingWebAPI\ShoppingWebAPI.csproj", "{1CF177CC-79AB-4486-BCB4-05D96DB5F8EE}"
EndProject
Global
	GlobalSection(SolutionConfigurationPlatforms) = preSolution
		Debug|Any CPU = Debug|Any CPU
		Release|Any CPU = Release|Any CPU
	EndGlobalSection
	GlobalSection(ProjectConfigurationPlatforms) = postSolution
		{1CF177CC-79AB-4486-BCB4-05D96DB5F8EE}.Debug|Any CPU.ActiveCfg = Debug|Any CPU
		{1CF177CC-79AB-4486-BCB4-05D96DB5F8EE}.Debug|Any CPU.Build.0 = Debug|Any CPU
		{1CF177CC-79AB-4486-BCB4-05D96DB5F8EE}.Release|Any CPU.ActiveCfg = Release|Any CPU
		{1CF177CC-79AB-4486-BCB4-05D96DB5F8EE}.Release|Any CPU.Build.0 = Release|Any CPU
	EndGlobalSection
	GlobalSection(SolutionProperties) = preSolution
		HideSolutionNode = FALSE
	EndGlobalSection
	GlobalSection(ExtensibilityGlobals) = postSolution
		SolutionGuid = {2744341A-1250-424F-9702-135B05E342A5}
	EndGlobalSection
EndGlobal
